
Microsoft Visual Studio Solution File, Format Version 12.00
# Visual Studio Version 17
VisualStudioVersion = 17.1.32328.378
MinimumVisualStudioVersion = 10.0.40219.1
Project("{FAE04EC0-301F-11D3-BF4B-00C04F79EFBC}") = "Jarvis", "Jarvis\Jarvis.csproj", "{F89F4C12-511A-4CE2-B09C-AD04F170C671}"
EndProject
Global
	GlobalSection(SolutionConfigurationPlatforms) = preSolution
		Debug|Any CPU = Debug|Any CPU
		Debug|x64 = Debug|x64
		Release|Any CPU = Release|Any CPU
		Release|x64 = Release|x64
	EndGlobalSection
	GlobalSection(ProjectConfigurationPlatforms) = postSolution
		{F89F4C12-511A-4CE2-B09C-AD04F170C671}.Debug|Any CPU.ActiveCfg = Debug|Any CPU
		{F89F4C12-511A-4CE2-B09C-AD04F170C671}.Debug|Any CPU.Build.0 = Debug|Any CPU
		{F89F4C12-511A-4CE2-B09C-AD04F170C671}.Debug|x64.ActiveCfg = Debug|x64
		{F89F4C12-511A-4CE2-B09C-AD04F170C671}.Debug|x64.Build.0 = Debug|x64
		{F89F4C12-511A-4CE2-B09C-AD04F170C671}.Release|Any CPU.ActiveCfg = Release|Any CPU
		{F89F4C12-511A-4CE2-B09C-AD04F170C671}.Release|Any CPU.Build.0 = Release|Any CPU
		{F89F4C12-511A-4CE2-B09C-AD04F170C671}.Release|x64.ActiveCfg = Release|x64
		{F89F4C12-511A-4CE2-B09C-AD04F170C671}.Release|x64.Build.0 = Release|x64
	EndGlobalSection
	GlobalSection(SolutionProperties) = preSolution
		HideSolutionNode = FALSE
	EndGlobalSection
	GlobalSection(ExtensibilityGlobals) = postSolution
		SolutionGuid = {173A9B15-62EC-4044-9F16-75D403B91973}
	EndGlobalSection
EndGlobal
